
Microsoft Visual Studio Solution File, Format Version 12.00
# Visual Studio Version 16
VisualStudioVersion = 16.0.31019.35
MinimumVisualStudioVersion = 10.0.40219.1
Project("{FAE04EC0-301F-11D3-BF4B-00C04F79EFBC}") = "PatternGuessGame", "PatternGuessGame\PatternGuessGame.csproj", "{7F19BCFD-5DE6-4A8F-867D-FFBBE378541B}"
EndProject
Global
	GlobalSection(SolutionConfigurationPlatforms) = preSolution
		Debug|Any CPU = Debug|Any CPU
		Release|Any CPU = Release|Any CPU
	EndGlobalSection
	GlobalSection(ProjectConfigurationPlatforms) = postSolution
		{7F19BCFD-5DE6-4A8F-867D-FFBBE378541B}.Debug|Any CPU.ActiveCfg = Debug|Any CPU
		{7F19BCFD-5DE6-4A8F-867D-FFBBE378541B}.Debug|Any CPU.Build.0 = Debug|Any CPU
		{7F19BCFD-5DE6-4A8F-867D-FFBBE378541B}.Release|Any CPU.ActiveCfg = Release|Any CPU
		{7F19BCFD-5DE6-4A8F-867D-FFBBE378541B}.Release|Any CPU.Build.0 = Release|Any CPU
	EndGlobalSection
	GlobalSection(SolutionProperties) = preSolution
		HideSolutionNode = FALSE
	EndGlobalSection
	GlobalSection(ExtensibilityGlobals) = postSolution
		SolutionGuid = {EC8F8B3D-2F2F-45F4-98AA-98D7FFC881FD}
	EndGlobalSection
EndGlobal
